
Microsoft Visual Studio Solution File, Format Version 12.00
# Visual Studio Version 17
VisualStudioVersion = 17.4.33110.190
MinimumVisualStudioVersion = 10.0.40219.1
Project("{FAE04EC0-301F-11D3-BF4B-00C04F79EFBC}") = "P2P_Chat_App", "P2P_Chat_App.csproj", "{F3AA45F6-4A03-4620-B872-2DAC2E75D860}"
EndProject
Global
	GlobalSection(SolutionConfigurationPlatforms) = preSolution
		Debug|Any CPU = Debug|Any CPU
		Release|Any CPU = Release|Any CPU
	EndGlobalSection
	GlobalSection(ProjectConfigurationPlatforms) = postSolution
		{F3AA45F6-4A03-4620-B872-2DAC2E75D860}.Debug|Any CPU.ActiveCfg = Debug|Any CPU
		{F3AA45F6-4A03-4620-B872-2DAC2E75D860}.Debug|Any CPU.Build.0 = Debug|Any CPU
		{F3AA45F6-4A03-4620-B872-2DAC2E75D860}.Release|Any CPU.ActiveCfg = Release|Any CPU
		{F3AA45F6-4A03-4620-B872-2DAC2E75D860}.Release|Any CPU.Build.0 = Release|Any CPU
	EndGlobalSection
	GlobalSection(SolutionProperties) = preSolution
		HideSolutionNode = FALSE
	EndGlobalSection
	GlobalSection(ExtensibilityGlobals) = postSolution
		SolutionGuid = {FF72321F-2792-41D1-B20A-5CBCAE3C36CB}
	EndGlobalSection
EndGlobal
